
Microsoft Visual Studio Solution File, Format Version 12.00
# Visual Studio 15
VisualStudioVersion = 15.0.27703.2035
MinimumVisualStudioVersion = 10.0.40219.1
Project("{8BC9CEB8-8B4A-11D0-8D11-00A0C91BC942}") = "LinuxDetours", "LinuxDetours\LinuxDetours.vcxproj", "{1F301A1B-7744-4378-833C-C4E27A096045}"
EndProject
Global
	GlobalSection(SolutionConfigurationPlatforms) = preSolution
		Debug|ARM = Debug|ARM
		Debug|ARM64 = Debug|ARM64
		Debug|x64 = Debug|x64
		Debug|x86 = Debug|x86
		Debug-Arm|ARM = Debug-Arm|ARM
		Debug-Arm|ARM64 = Debug-Arm|ARM64
		Debug-Arm|x64 = Debug-Arm|x64
		Debug-Arm|x86 = Debug-Arm|x86
		Debug-ARM64|ARM = Debug-ARM64|ARM
		Debug-ARM64|ARM64 = Debug-ARM64|ARM64
		Debug-ARM64|x64 = Debug-ARM64|x64
		Debug-ARM64|x86 = Debug-ARM64|x86
		Debug-Arm-Thumb|ARM = Debug-Arm-Thumb|ARM
		Debug-Arm-Thumb|ARM64 = Debug-Arm-Thumb|ARM64
		Debug-Arm-Thumb|x64 = Debug-Arm-Thumb|x64
		Debug-Arm-Thumb|x86 = Debug-Arm-Thumb|x86
		Release|ARM = Release|ARM
		Release|ARM64 = Release|ARM64
		Release|x64 = Release|x64
		Release|x86 = Release|x86
	EndGlobalSection
	GlobalSection(ProjectConfigurationPlatforms) = postSolution
		{1F301A1B-7744-4378-833C-C4E27A096045}.Debug|ARM.ActiveCfg = Debug|ARM
		{1F301A1B-7744-4378-833C-C4E27A096045}.Debug|ARM.Build.0 = Debug|ARM
		{1F301A1B-7744-4378-833C-C4E27A096045}.Debug|ARM64.ActiveCfg = Debug|ARM
		{1F301A1B-7744-4378-833C-C4E27A096045}.Debug|ARM64.Build.0 = Debug|ARM
		{1F301A1B-7744-4378-833C-C4E27A096045}.Debug|x64.ActiveCfg = Debug|x64
		{1F301A1B-7744-4378-833C-C4E27A096045}.Debug|x64.Build.0 = Debug|x64
		{1F301A1B-7744-4378-833C-C4E27A096045}.Debug|x86.ActiveCfg = Debug|x86
		{1F301A1B-7744-4378-833C-C4E27A096045}.Debug|x86.Build.0 = Debug|x86
		{1F301A1B-7744-4378-833C-C4E27A096045}.Debug-Arm|ARM.ActiveCfg = Debug-Arm|ARM
		{1F301A1B-7744-4378-833C-C4E27A096045}.Debug-Arm|ARM.Build.0 = Debug-Arm|ARM
		{1F301A1B-7744-4378-833C-C4E27A096045}.Debug-Arm|ARM64.ActiveCfg = Debug-Arm|x86
		{1F301A1B-7744-4378-833C-C4E27A096045}.Debug-Arm|x64.ActiveCfg = Debug-Arm|x64
		{1F301A1B-7744-4378-833C-C4E27A096045}.Debug-Arm|x64.Build.0 = Debug-Arm|x64
		{1F301A1B-7744-4378-833C-C4E27A096045}.Debug-Arm|x86.ActiveCfg = Debug-Arm|x86
		{1F301A1B-7744-4378-833C-C4E27A096045}.Debug-Arm|x86.Build.0 = Debug-Arm|x86
		{1F301A1B-7744-4378-833C-C4E27A096045}.Debug-ARM64|ARM.ActiveCfg = Debug-ARM64|ARM
		{1F301A1B-7744-4378-833C-C4E27A096045}.Debug-ARM64|ARM.Build.0 = Debug-ARM64|ARM
		{1F301A1B-7744-4378-833C-C4E27A096045}.Debug-ARM64|ARM64.ActiveCfg = Debug-ARM64|x86
		{1F301A1B-7744-4378-833C-C4E27A096045}.Debug-ARM64|x64.ActiveCfg = Debug-ARM64|x64
		{1F301A1B-7744-4378-833C-C4E27A096045}.Debug-ARM64|x64.Build.0 = Debug-ARM64|x64
		{1F301A1B-7744-4378-833C-C4E27A096045}.Debug-ARM64|x86.ActiveCfg = Debug-ARM64|x86
		{1F301A1B-7744-4378-833C-C4E27A096045}.Debug-ARM64|x86.Build.0 = Debug-ARM64|x86
		{1F301A1B-7744-4378-833C-C4E27A096045}.Debug-Arm-Thumb|ARM.ActiveCfg = Debug-Arm-Thumb|ARM
		{1F301A1B-7744-4378-833C-C4E27A096045}.Debug-Arm-Thumb|ARM.Build.0 = Debug-Arm-Thumb|ARM
		{1F301A1B-7744-4378-833C-C4E27A096045}.Debug-Arm-Thumb|ARM64.ActiveCfg = Debug-Arm-Thumb|x86
		{1F301A1B-7744-4378-833C-C4E27A096045}.Debug-Arm-Thumb|x64.ActiveCfg = Debug-Arm-Thumb|x64
		{1F301A1B-7744-4378-833C-C4E27A096045}.Debug-Arm-Thumb|x64.Build.0 = Debug-Arm-Thumb|x64
		{1F301A1B-7744-4378-833C-C4E27A096045}.Debug-Arm-Thumb|x86.ActiveCfg = Debug-Arm-Thumb|x86
		{1F301A1B-7744-4378-833C-C4E27A096045}.Debug-Arm-Thumb|x86.Build.0 = Debug-Arm-Thumb|x86
		{1F301A1B-7744-4378-833C-C4E27A096045}.Release|ARM.ActiveCfg = Release|ARM
		{1F301A1B-7744-4378-833C-C4E27A096045}.Release|ARM.Build.0 = Release|ARM
		{1F301A1B-7744-4378-833C-C4E27A096045}.Release|ARM64.ActiveCfg = Release|ARM
		{1F301A1B-7744-4378-833C-C4E27A096045}.Release|ARM64.Build.0 = Release|ARM
		{1F301A1B-7744-4378-833C-C4E27A096045}.Release|x64.ActiveCfg = Release|x64
		{1F301A1B-7744-4378-833C-C4E27A096045}.Release|x64.Build.0 = Release|x64
		{1F301A1B-7744-4378-833C-C4E27A096045}.Release|x86.ActiveCfg = Release|x86
		{1F301A1B-7744-4378-833C-C4E27A096045}.Release|x86.Build.0 = Release|x86
	EndGlobalSection
	GlobalSection(SolutionProperties) = preSolution
		HideSolutionNode = FALSE
	EndGlobalSection
	GlobalSection(ExtensibilityGlobals) = postSolution
		SolutionGuid = {CFDDA7EB-D2EF-4063-8F4F-2E7E2E886066}
	EndGlobalSection
EndGlobal
